// !$*UTF8*$!
{
	archiveVersion = 1;
	classes = {
	};
	objectVersion = 55;
	objects = {

/* Begin PBXBuildFile section */
		83408A4A281ABF65007AC026 /* AppDelegate.swift in Sources */ = {isa = PBXBuildFile; fileRef = 83408A49281ABF65007AC026 /* AppDelegate.swift */; };
		83408A4C281ABF65007AC026 /* SceneDelegate.swift in Sources */ = {isa = PBXBuildFile; fileRef = 83408A4B281ABF65007AC026 /* SceneDelegate.swift */; };
		83408A4E281ABF65007AC026 /* ViewController.swift in Sources */ = {isa = PBXBuildFile; fileRef = 83408A4D281ABF65007AC026 /* ViewController.swift */; };
		83408A53281ABF67007AC026 /* Assets.xcassets in Resources */ = {isa = PBXBuildFile; fileRef = 83408A52281ABF67007AC026 /* Assets.xcassets */; };
		83408A56281ABF67007AC026 /* LaunchScreen.storyboard in Resources */ = {isa = PBXBuildFile; fileRef = 83408A54281ABF67007AC026 /* LaunchScreen.storyboard */; };
		83408A5E281ABF98007AC026 /* VC+alertController.swift in Sources */ = {isa = PBXBuildFile; fileRef = 83408A5D281ABF98007AC026 /* VC+alertController.swift */; };
		83408A62281AC1AB007AC026 /* MainView.swift in Sources */ = {isa = PBXBuildFile; fileRef = 83408A61281AC1AB007AC026 /* MainView.swift */; };
		83408A68281C0B87007AC026 /* NetworkManager.swift in Sources */ = {isa = PBXBuildFile; fileRef = 83408A67281C0B87007AC026 /* NetworkManager.swift */; };
		83408A6B281C3F3D007AC026 /* Constants.swift in Sources */ = {isa = PBXBuildFile; fileRef = 83408A6A281C3F3D007AC026 /* Constants.swift */; };
		83408A6D281C441C007AC026 /* CurrentWeatherData.swift in Sources */ = {isa = PBXBuildFile; fileRef = 83408A6C281C441C007AC026 /* CurrentWeatherData.swift */; };
		83408A6F281C51A2007AC026 /* CurrentWeather.swift in Sources */ = {isa = PBXBuildFile; fileRef = 83408A6E281C51A2007AC026 /* CurrentWeather.swift */; };
/* End PBXBuildFile section */

/* Begin PBXFileReference section */
		83408A46281ABF65007AC026 /* SunnyWeather.app */ = {isa = PBXFileReference; explicitFileType = wrapper.application; includeInIndex = 0; path = SunnyWeather.app; sourceTree = BUILT_PRODUCTS_DIR; };
		83408A49281ABF65007AC026 /* AppDelegate.swift */ = {isa = PBXFileReference; lastKnownFileType = sourcecode.swift; path = AppDelegate.swift; sourceTree = "<group>"; };
		83408A4B281ABF65007AC026 /* SceneDelegate.swift */ = {isa = PBXFileReference; lastKnownFileType = sourcecode.swift; path = SceneDelegate.swift; sourceTree = "<group>"; };
		83408A4D281ABF65007AC026 /* ViewController.swift */ = {isa = PBXFileReference; lastKnownFileType = sourcecode.swift; path = ViewController.swift; sourceTree = "<group>"; };
		83408A52281ABF67007AC026 /* Assets.xcassets */ = {isa = PBXFileReference; lastKnownFileType = folder.assetcatalog; path = Assets.xcassets; sourceTree = "<group>"; };
		83408A55281ABF67007AC026 /* Base */ = {isa = PBXFileReference; lastKnownFileType = file.storyboard; name = Base; path = Base.lproj/LaunchScreen.storyboard; sourceTree = "<group>"; };
		83408A57281ABF67007AC026 /* Info.plist */ = {isa = PBXFileReference; lastKnownFileType = text.plist.xml; path = Info.plist; sourceTree = "<group>"; };
		83408A5D281ABF98007AC026 /* VC+alertController.swift */ = {isa = PBXFileReference; lastKnownFileType = sourcecode.swift; path = "VC+alertController.swift"; sourceTree = "<group>"; };
		83408A61281AC1AB007AC026 /* MainView.swift */ = {isa = PBXFileReference; lastKnownFileType = sourcecode.swift; path = MainView.swift; sourceTree = "<group>"; };
		83408A67281C0B87007AC026 /* NetworkManager.swift */ = {isa = PBXFileReference; lastKnownFileType = sourcecode.swift; path = NetworkManager.swift; sourceTree = "<group>"; };
		83408A6A281C3F3D007AC026 /* Constants.swift */ = {isa = PBXFileReference; lastKnownFileType = sourcecode.swift; path = Constants.swift; sourceTree = "<group>"; };
		83408A6C281C441C007AC026 /* CurrentWeatherData.swift */ = {isa = PBXFileReference; lastKnownFileType = sourcecode.swift; path = CurrentWeatherData.swift; sourceTree = "<group>"; };
		83408A6E281C51A2007AC026 /* CurrentWeather.swift */ = {isa = PBXFileReference; lastKnownFileType = sourcecode.swift; path = CurrentWeather.swift; sourceTree = "<group>"; };
/* End PBXFileReference section */

/* Begin PBXFrameworksBuildPhase section */
		83408A43281ABF65007AC026 /* Frameworks */ = {
			isa = PBXFrameworksBuildPhase;
			buildActionMask = 2147483647;
			files = (
			);
			runOnlyForDeploymentPostprocessing = 0;
		};
/* End PBXFrameworksBuildPhase section */

/* Begin PBXGroup section */
		83408A3D281ABF65007AC026 = {
			isa = PBXGroup;
			children = (
				83408A48281ABF65007AC026 /* SunnyWeather */,
				83408A47281ABF65007AC026 /* Products */,
			);
			sourceTree = "<group>";
		};
		83408A47281ABF65007AC026 /* Products */ = {
			isa = PBXGroup;
			children = (
				83408A46281ABF65007AC026 /* SunnyWeather.app */,
			);
			name = Products;
			sourceTree = "<group>";
		};
		83408A48281ABF65007AC026 /* SunnyWeather */ = {
			isa = PBXGroup;
			children = (
				83408A5F281ABFF7007AC026 /* Extensions */,
				83408A64281C0B49007AC026 /* Model */,
				83408A63281C0B3D007AC026 /* Controller */,
				83408A60281AC139007AC026 /* View */,
				83408A69281C3F1B007AC026 /* Supporting files */,
				83408A57281ABF67007AC026 /* Info.plist */,
			);
			path = SunnyWeather;
			sourceTree = "<group>";
		};
		83408A5F281ABFF7007AC026 /* Extensions */ = {
			isa = PBXGroup;
			children = (
				83408A5D281ABF98007AC026 /* VC+alertController.swift */,
			);
			path = Extensions;
			sourceTree = "<group>";
		};
		83408A60281AC139007AC026 /* View */ = {
			isa = PBXGroup;
			children = (
				83408A61281AC1AB007AC026 /* MainView.swift */,
				83408A54281ABF67007AC026 /* LaunchScreen.storyboard */,
			);
			path = View;
			sourceTree = "<group>";
		};
		83408A63281C0B3D007AC026 /* Controller */ = {
			isa = PBXGroup;
			children = (
				83408A4D281ABF65007AC026 /* ViewController.swift */,
			);
			path = Controller;
			sourceTree = "<group>";
		};
		83408A64281C0B49007AC026 /* Model */ = {
			isa = PBXGroup;
			children = (
				83408A67281C0B87007AC026 /* NetworkManager.swift */,
				83408A6E281C51A2007AC026 /* CurrentWeather.swift */,
				83408A6C281C441C007AC026 /* CurrentWeatherData.swift */,
			);
			path = Model;
			sourceTree = "<group>";
		};
		83408A69281C3F1B007AC026 /* Supporting files */ = {
			isa = PBXGroup;
			children = (
				83408A49281ABF65007AC026 /* AppDelegate.swift */,
				83408A4B281ABF65007AC026 /* SceneDelegate.swift */,
				83408A6A281C3F3D007AC026 /* Constants.swift */,
				83408A52281ABF67007AC026 /* Assets.xcassets */,
			);
			path = "Supporting files";
			sourceTree = "<group>";
		};
/* End PBXGroup section */

/* Begin PBXNativeTarget section */
		83408A45281ABF65007AC026 /* SunnyWeather */ = {
			isa = PBXNativeTarget;
			buildConfigurationList = 83408A5A281ABF67007AC026 /* Build configuration list for PBXNativeTarget "SunnyWeather" */;
			buildPhases = (
				83408A42281ABF65007AC026 /* Sources */,
				83408A43281ABF65007AC026 /* Frameworks */,
				83408A44281ABF65007AC026 /* Resources */,
			);
			buildRules = (
			);
			dependencies = (
			);
			name = SunnyWeather;
			productName = SunnyWeather;
			productReference = 83408A46281ABF65007AC026 /* SunnyWeather.app */;
			productType = "com.apple.product-type.application";
		};
/* End PBXNativeTarget section */

/* Begin PBXProject section */
		83408A3E281ABF65007AC026 /* Project object */ = {
			isa = PBXProject;
			attributes = {
				BuildIndependentTargetsInParallel = 1;
				LastSwiftUpdateCheck = 1300;
				LastUpgradeCheck = 1300;
				TargetAttributes = {
					83408A45281ABF65007AC026 = {
						CreatedOnToolsVersion = 13.0;
					};
				};
			};
			buildConfigurationList = 83408A41281ABF65007AC026 /* Build configuration list for PBXProject "SunnyWeather" */;
			compatibilityVersion = "Xcode 13.0";
			developmentRegion = en;
			hasScannedForEncodings = 0;
			knownRegions = (
				en,
				Base,
			);
			mainGroup = 83408A3D281ABF65007AC026;
			productRefGroup = 83408A47281ABF65007AC026 /* Products */;
			projectDirPath = "";
			projectRoot = "";
			targets = (
				83408A45281ABF65007AC026 /* SunnyWeather */,
			);
		};
/* End PBXProject section */

/* Begin PBXResourcesBuildPhase section */
		83408A44281ABF65007AC026 /* Resources */ = {
			isa = PBXResourcesBuildPhase;
			buildActionMask = 2147483647;
			files = (
				83408A56281ABF67007AC026 /* LaunchScreen.storyboard in Resources */,
				83408A53281ABF67007AC026 /* Assets.xcassets in Resources */,
			);
			runOnlyForDeploymentPostprocessing = 0;
		};
/* End PBXResourcesBuildPhase section */

/* Begin PBXSourcesBuildPhase section */
		83408A42281ABF65007AC026 /* Sources */ = {
			isa = PBXSourcesBuildPhase;
			buildActionMask = 2147483647;
			files = (
				83408A6D281C441C007AC026 /* CurrentWeatherData.swift in Sources */,
				83408A68281C0B87007AC026 /* NetworkManager.swift in Sources */,
				83408A4E281ABF65007AC026 /* ViewController.swift in Sources */,
				83408A4A281ABF65007AC026 /* AppDelegate.swift in Sources */,
				83408A6F281C51A2007AC026 /* CurrentWeather.swift in Sources */,
				83408A62281AC1AB007AC026 /* MainView.swift in Sources */,
				83408A6B281C3F3D007AC026 /* Constants.swift in Sources */,
				83408A4C281ABF65007AC026 /* SceneDelegate.swift in Sources */,
				83408A5E281ABF98007AC026 /* VC+alertController.swift in Sources */,
			);
			runOnlyForDeploymentPostprocessing = 0;
		};
/* End PBXSourcesBuildPhase section */

/* Begin PBXVariantGroup section */
		83408A54281ABF67007AC026 /* LaunchScreen.storyboard */ = {
			isa = PBXVariantGroup;
			children = (
				83408A55281ABF67007AC026 /* Base */,
			);
			name = LaunchScreen.storyboard;
			sourceTree = "<group>";
		};
/* End PBXVariantGroup section */

/* Begin XCBuildConfiguration section */
		83408A58281ABF67007AC026 /* Debug */ = {
			isa = XCBuildConfiguration;
			buildSettings = {
				ALWAYS_SEARCH_USER_PATHS = NO;
				CLANG_ANALYZER_NONNULL = YES;
				CLANG_ANALYZER_NUMBER_OBJECT_CONVERSION = YES_AGGRESSIVE;
				CLANG_CXX_LANGUAGE_STANDARD = "gnu++17";
				CLANG_CXX_LIBRARY = "libc++";
				CLANG_ENABLE_MODULES = YES;
				CLANG_ENABLE_OBJC_ARC = YES;
				CLANG_ENABLE_OBJC_WEAK = YES;
				CLANG_WARN_BLOCK_CAPTURE_AUTORELEASING = YES;
				CLANG_WARN_BOOL_CONVERSION = YES;
				CLANG_WARN_COMMA = YES;
				CLANG_WARN_CONSTANT_CONVERSION = YES;
				CLANG_WARN_DEPRECATED_OBJC_IMPLEMENTATIONS = YES;
				CLANG_WARN_DIRECT_OBJC_ISA_USAGE = YES_ERROR;
				CLANG_WARN_DOCUMENTATION_COMMENTS = YES;
				CLANG_WARN_EMPTY_BODY = YES;
				CLANG_WARN_ENUM_CONVERSION = YES;
				CLANG_WARN_INFINITE_RECURSION = YES;
				CLANG_WARN_INT_CONVERSION = YES;
				CLANG_WARN_NON_LITERAL_NULL_CONVERSION = YES;
				CLANG_WARN_OBJC_IMPLICIT_RETAIN_SELF = YES;
				CLANG_WARN_OBJC_LITERAL_CONVERSION = YES;
				CLANG_WARN_OBJC_ROOT_CLASS = YES_ERROR;
				CLANG_WARN_QUOTED_INCLUDE_IN_FRAMEWORK_HEADER = YES;
				CLANG_WARN_RANGE_LOOP_ANALYSIS = YES;
				CLANG_WARN_STRICT_PROTOTYPES = YES;
				CLANG_WARN_SUSPICIOUS_MOVE = YES;
				CLANG_WARN_UNGUARDED_AVAILABILITY = YES_AGGRESSIVE;
				CLANG_WARN_UNREACHABLE_CODE = YES;
				CLANG_WARN__DUPLICATE_METHOD_MATCH = YES;
				COPY_PHASE_STRIP = NO;
				DEBUG_INFORMATION_FORMAT = dwarf;
				ENABLE_STRICT_OBJC_MSGSEND = YES;
				ENABLE_TESTABILITY = YES;
				GCC_C_LANGUAGE_STANDARD = gnu11;
				GCC_DYNAMIC_NO_PIC = NO;
				GCC_NO_COMMON_BLOCKS = YES;
				GCC_OPTIMIZATION_LEVEL = 0;
				GCC_PREPROCESSOR_DEFINITIONS = (
					"DEBUG=1",
					"$(inherited)",
				);
				GCC_WARN_64_TO_32_BIT_CONVERSION = YES;
				GCC_WARN_ABOUT_RETURN_TYPE = YES_ERROR;
				GCC_WARN_UNDECLARED_SELECTOR = YES;
				GCC_WARN_UNINITIALIZED_AUTOS = YES_AGGRESSIVE;
				GCC_WARN_UNUSED_FUNCTION = YES;
				GCC_WARN_UNUSED_VARIABLE = YES;
				IPHONEOS_DEPLOYMENT_TARGET = 15.0;
				MTL_ENABLE_DEBUG_INFO = INCLUDE_SOURCE;
				MTL_FAST_MATH = YES;
				ONLY_ACTIVE_ARCH = YES;
				SDKROOT = iphoneos;
				SWIFT_ACTIVE_COMPILATION_CONDITIONS = DEBUG;
				SWIFT_OPTIMIZATION_LEVEL = "-Onone";
			};
			name = Debug;
		};
		83408A59281ABF67007AC026 /* Release */ = {
			isa = XCBuildConfiguration;
			buildSettings = {
				ALWAYS_SEARCH_USER_PATHS = NO;
				CLANG_ANALYZER_NONNULL = YES;
				CLANG_ANALYZER_NUMBER_OBJECT_CONVERSION = YES_AGGRESSIVE;
				CLANG_CXX_LANGUAGE_STANDARD = "gnu++17";
				CLANG_CXX_LIBRARY = "libc++";
				CLANG_ENABLE_MODULES = YES;
				CLANG_ENABLE_OBJC_ARC = YES;
				CLANG_ENABLE_OBJC_WEAK = YES;
				CLANG_WARN_BLOCK_CAPTURE_AUTORELEASING = YES;
				CLANG_WARN_BOOL_CONVERSION = YES;
				CLANG_WARN_COMMA = YES;
				CLANG_WARN_CONSTANT_CONVERSION = YES;
				CLANG_WARN_DEPRECATED_OBJC_IMPLEMENTATIONS = YES;
				CLANG_WARN_DIRECT_OBJC_ISA_USAGE = YES_ERROR;
				CLANG_WARN_DOCUMENTATION_COMMENTS = YES;
				CLANG_WARN_EMPTY_BODY = YES;
				CLANG_WARN_ENUM_CONVERSION = YES;
				CLANG_WARN_INFINITE_RECURSION = YES;
				CLANG_WARN_INT_CONVERSION = YES;
				CLANG_WARN_NON_LITERAL_NULL_CONVERSION = YES;
				CLANG_WARN_OBJC_IMPLICIT_RETAIN_SELF = YES;
				CLANG_WARN_OBJC_LITERAL_CONVERSION = YES;
				CLANG_WARN_OBJC_ROOT_CLASS = YES_ERROR;
				CLANG_WARN_QUOTED_INCLUDE_IN_FRAMEWORK_HEADER = YES;
				CLANG_WARN_RANGE_LOOP_ANALYSIS = YES;
				CLANG_WARN_STRICT_PROTOTYPES = YES;
				CLANG_WARN_SUSPICIOUS_MOVE = YES;
				CLANG_WARN_UNGUARDED_AVAILABILITY = YES_AGGRESSIVE;
				CLANG_WARN_UNREACHABLE_CODE = YES;
				CLANG_WARN__DUPLICATE_METHOD_MATCH = YES;
				COPY_PHASE_STRIP = NO;
				DEBUG_INFORMATION_FORMAT = "dwarf-with-dsym";
				ENABLE_NS_ASSERTIONS = NO;
				ENABLE_STRICT_OBJC_MSGSEND = YES;
				GCC_C_LANGUAGE_STANDARD = gnu11;
				GCC_NO_COMMON_BLOCKS = YES;
				GCC_WARN_64_TO_32_BIT_CONVERSION = YES;
				GCC_WARN_ABOUT_RETURN_TYPE = YES_ERROR;
				GCC_WARN_UNDECLARED_SELECTOR = YES;
				GCC_WARN_UNINITIALIZED_AUTOS = YES_AGGRESSIVE;
				GCC_WARN_UNUSED_FUNCTION = YES;
				GCC_WARN_UNUSED_VARIABLE = YES;
				IPHONEOS_DEPLOYMENT_TARGET = 15.0;
				MTL_ENABLE_DEBUG_INFO = NO;
				MTL_FAST_MATH = YES;
				SDKROOT = iphoneos;
				SWIFT_COMPILATION_MODE = wholemodule;
				SWIFT_OPTIMIZATION_LEVEL = "-O";
				VALIDATE_PRODUCT = YES;
			};
			name = Release;
		};
		83408A5B281ABF67007AC026 /* Debug */ = {
			isa = XCBuildConfiguration;
			buildSettings = {
				ASSETCATALOG_COMPILER_APPICON_NAME = AppIcon;
				ASSETCATALOG_COMPILER_GLOBAL_ACCENT_COLOR_NAME = AccentColor;
				CODE_SIGN_STYLE = Automatic;
				CURRENT_PROJECT_VERSION = 1;
				GENERATE_INFOPLIST_FILE = YES;
				INFOPLIST_FILE = SunnyWeather/Info.plist;
				INFOPLIST_KEY_UIApplicationSupportsIndirectInputEvents = YES;
				INFOPLIST_KEY_UILaunchStoryboardName = LaunchScreen;
				INFOPLIST_KEY_UISupportedInterfaceOrientations_iPad = "UIInterfaceOrientationPortrait UIInterfaceOrientationPortraitUpsideDown UIInterfaceOrientationLandscapeLeft UIInterfaceOrientationLandscapeRight";
				INFOPLIST_KEY_UISupportedInterfaceOrientations_iPhone = "UIInterfaceOrientationPortrait UIInterfaceOrientationLandscapeLeft UIInterfaceOrientationLandscapeRight";
				LD_RUNPATH_SEARCH_PATHS = (
					"$(inherited)",
					"@executable_path/Frameworks",
				);
				MARKETING_VERSION = 1.0;
				PRODUCT_BUNDLE_IDENTIFIER = "-.SunnyWeather";
				PRODUCT_NAME = "$(TARGET_NAME)";
				SWIFT_EMIT_LOC_STRINGS = YES;
				SWIFT_VERSION = 5.0;
				TARGETED_DEVICE_FAMILY = "1,2";
			};
			name = Debug;
		};
		83408A5C281ABF67007AC026 /* Release */ = {
			isa = XCBuildConfiguration;
			buildSettings = {
				ASSETCATALOG_COMPILER_APPICON_NAME = AppIcon;
				ASSETCATALOG_COMPILER_GLOBAL_ACCENT_COLOR_NAME = AccentColor;
				CODE_SIGN_STYLE = Automatic;
				CURRENT_PROJECT_VERSION = 1;
				GENERATE_INFOPLIST_FILE = YES;
				INFOPLIST_FILE = SunnyWeather/Info.plist;
				INFOPLIST_KEY_UIApplicationSupportsIndirectInputEvents = YES;
				INFOPLIST_KEY_UILaunchStoryboardName = LaunchScreen;
				INFOPLIST_KEY_UISupportedInterfaceOrientations_iPad = "UIInterfaceOrientationPortrait UIInterfaceOrientationPortraitUpsideDown UIInterfaceOrientationLandscapeLeft UIInterfaceOrientationLandscapeRight";
				INFOPLIST_KEY_UISupportedInterfaceOrientations_iPhone = "UIInterfaceOrientationPortrait UIInterfaceOrientationLandscapeLeft UIInterfaceOrientationLandscapeRight";
				LD_RUNPATH_SEARCH_PATHS = (
					"$(inherited)",
					"@executable_path/Frameworks",
				);
				MARKETING_VERSION = 1.0;
				PRODUCT_BUNDLE_IDENTIFIER = "-.SunnyWeather";
				PRODUCT_NAME = "$(TARGET_NAME)";
				SWIFT_EMIT_LOC_STRINGS = YES;
				SWIFT_VERSION = 5.0;
				TARGETED_DEVICE_FAMILY = "1,2";
			};
			name = Release;
		};
/* End XCBuildConfiguration section */

/* Begin XCConfigurationList section */
		83408A41281ABF65007AC026 /* Build configuration list for PBXProject "SunnyWeather" */ = {
			isa = XCConfigurationList;
			buildConfigurations = (
				83408A58281ABF67007AC026 /* Debug */,
				83408A59281ABF67007AC026 /* Release */,
			);
			defaultConfigurationIsVisible = 0;
			defaultConfigurationName = Release;
		};
		83408A5A281ABF67007AC026 /* Build configuration list for PBXNativeTarget "SunnyWeather" */ = {
			isa = XCConfigurationList;
			buildConfigurations = (
				83408A5B281ABF67007AC026 /* Debug */,
				83408A5C281ABF67007AC026 /* Release */,
			);
			defaultConfigurationIsVisible = 0;
			defaultConfigurationName = Release;
		};
/* End XCConfigurationList section */
	};
	rootObject = 83408A3E281ABF65007AC026 /* Project object */;
}
